
Microsoft Visual Studio Solution File, Format Version 12.00
# Visual Studio Version 17
VisualStudioVersion = 17.10.35027.167
MinimumVisualStudioVersion = 10.0.40219.1
Project("{FAE04EC0-301F-11D3-BF4B-00C04F79EFBC}") = "chessBoard", "chessBoard\chessBoard.csproj", "{5AC7355A-3AD9-40CC-9B70-1001311BFEDF}"
EndProject
Global
	GlobalSection(SolutionConfigurationPlatforms) = preSolution
		Debug|Any CPU = Debug|Any CPU
		Release|Any CPU = Release|Any CPU
	EndGlobalSection
	GlobalSection(ProjectConfigurationPlatforms) = postSolution
		{5AC7355A-3AD9-40CC-9B70-1001311BFEDF}.Debug|Any CPU.ActiveCfg = Debug|Any CPU
		{5AC7355A-3AD9-40CC-9B70-1001311BFEDF}.Debug|Any CPU.Build.0 = Debug|Any CPU
		{5AC7355A-3AD9-40CC-9B70-1001311BFEDF}.Release|Any CPU.ActiveCfg = Release|Any CPU
		{5AC7355A-3AD9-40CC-9B70-1001311BFEDF}.Release|Any CPU.Build.0 = Release|Any CPU
	EndGlobalSection
	GlobalSection(SolutionProperties) = preSolution
		HideSolutionNode = FALSE
	EndGlobalSection
	GlobalSection(ExtensibilityGlobals) = postSolution
		SolutionGuid = {B80A6EBA-7919-4DF1-8861-D6992BB89902}
	EndGlobalSection
EndGlobal
